// !$*UTF8*$!
{
	archiveVersion = 1;
	classes = {
	};
	objectVersion = 46;
	objects = {

/* Begin PBXBuildFile section */
		A14989311B56005F006226BC /* main.m in Sources */ = {isa = PBXBuildFile; fileRef = A14989301B56005F006226BC /* main.m */; };
		A14989341B56005F006226BC /* AppDelegate.m in Sources */ = {isa = PBXBuildFile; fileRef = A14989331B56005F006226BC /* AppDelegate.m */; };
		A14989371B56005F006226BC /* ViewController.m in Sources */ = {isa = PBXBuildFile; fileRef = A14989361B56005F006226BC /* ViewController.m */; };
		A149893A1B56005F006226BC /* Main.storyboard in Resources */ = {isa = PBXBuildFile; fileRef = A14989381B56005F006226BC /* Main.storyboard */; };
		A149893C1B56005F006226BC /* Images.xcassets in Resources */ = {isa = PBXBuildFile; fileRef = A149893B1B56005F006226BC /* Images.xcassets */; };
		A149893F1B56005F006226BC /* LaunchScreen.xib in Resources */ = {isa = PBXBuildFile; fileRef = A149893D1B56005F006226BC /* LaunchScreen.xib */; };
		A149894B1B56005F006226BC /* touwhoTests.m in Sources */ = {isa = PBXBuildFile; fileRef = A149894A1B56005F006226BC /* touwhoTests.m */; };
/* End PBXBuildFile section */

/* Begin PBXContainerItemProxy section */
		A14989451B56005F006226BC /* PBXContainerItemProxy */ = {
			isa = PBXContainerItemProxy;
			containerPortal = A14989231B56005F006226BC /* Project object */;
			proxyType = 1;
			remoteGlobalIDString = A149892A1B56005F006226BC;
			remoteInfo = touwho;
		};
/* End PBXContainerItemProxy section */

/* Begin PBXFileReference section */
		A149892B1B56005F006226BC /* touwho.app */ = {isa = PBXFileReference; explicitFileType = wrapper.application; includeInIndex = 0; path = touwho.app; sourceTree = BUILT_PRODUCTS_DIR; };
		A149892F1B56005F006226BC /* Info.plist */ = {isa = PBXFileReference; lastKnownFileType = text.plist.xml; path = Info.plist; sourceTree = "<group>"; };
		A14989301B56005F006226BC /* main.m */ = {isa = PBXFileReference; lastKnownFileType = sourcecode.c.objc; path = main.m; sourceTree = "<group>"; };
		A14989321B56005F006226BC /* AppDelegate.h */ = {isa = PBXFileReference; lastKnownFileType = sourcecode.c.h; path = AppDelegate.h; sourceTree = "<group>"; };
		A14989331B56005F006226BC /* AppDelegate.m */ = {isa = PBXFileReference; lastKnownFileType = sourcecode.c.objc; path = AppDelegate.m; sourceTree = "<group>"; };
		A14989351B56005F006226BC /* ViewController.h */ = {isa = PBXFileReference; lastKnownFileType = sourcecode.c.h; path = ViewController.h; sourceTree = "<group>"; };
		A14989361B56005F006226BC /* ViewController.m */ = {isa = PBXFileReference; lastKnownFileType = sourcecode.c.objc; path = ViewController.m; sourceTree = "<group>"; };
		A14989391B56005F006226BC /* Base */ = {isa = PBXFileReference; lastKnownFileType = file.storyboard; name = Base; path = Base.lproj/Main.storyboard; sourceTree = "<group>"; };
		A149893B1B56005F006226BC /* Images.xcassets */ = {isa = PBXFileReference; lastKnownFileType = folder.assetcatalog; path = Images.xcassets; sourceTree = "<group>"; };
		A149893E1B56005F006226BC /* Base */ = {isa = PBXFileReference; lastKnownFileType = file.xib; name = Base; path = Base.lproj/LaunchScreen.xib; sourceTree = "<group>"; };
		A14989441B56005F006226BC /* touwhoTests.xctest */ = {isa = PBXFileReference; explicitFileType = wrapper.cfbundle; includeInIndex = 0; path = touwhoTests.xctest; sourceTree = BUILT_PRODUCTS_DIR; };
		A14989491B56005F006226BC /* Info.plist */ = {isa = PBXFileReference; lastKnownFileType = text.plist.xml; path = Info.plist; sourceTree = "<group>"; };
		A149894A1B56005F006226BC /* touwhoTests.m */ = {isa = PBXFileReference; lastKnownFileType = sourcecode.c.objc; path = touwhoTests.m; sourceTree = "<group>"; };
/* End PBXFileReference section */

/* Begin PBXFrameworksBuildPhase section */
		A14989281B56005F006226BC /* Frameworks */ = {
			isa = PBXFrameworksBuildPhase;
			buildActionMask = 2147483647;
			files = (
			);
			runOnlyForDeploymentPostprocessing = 0;
		};
		A14989411B56005F006226BC /* Frameworks */ = {
			isa = PBXFrameworksBuildPhase;
			buildActionMask = 2147483647;
			files = (
			);
			runOnlyForDeploymentPostprocessing = 0;
		};
/* End PBXFrameworksBuildPhase section */

/* Begin PBXGroup section */
		A14989221B56005F006226BC = {
			isa = PBXGroup;
			children = (
				A149892D1B56005F006226BC /* touwho */,
				A14989471B56005F006226BC /* touwhoTests */,
				A149892C1B56005F006226BC /* Products */,
			);
			sourceTree = "<group>";
		};
		A149892C1B56005F006226BC /* Products */ = {
			isa = PBXGroup;
			children = (
				A149892B1B56005F006226BC /* touwho.app */,
				A14989441B56005F006226BC /* touwhoTests.xctest */,
			);
			name = Products;
			sourceTree = "<group>";
		};
		A149892D1B56005F006226BC /* touwho */ = {
			isa = PBXGroup;
			children = (
				A14989321B56005F006226BC /* AppDelegate.h */,
				A14989331B56005F006226BC /* AppDelegate.m */,
				A14989351B56005F006226BC /* ViewController.h */,
				A14989361B56005F006226BC /* ViewController.m */,
				A14989381B56005F006226BC /* Main.storyboard */,
				A149893B1B56005F006226BC /* Images.xcassets */,
				A149893D1B56005F006226BC /* LaunchScreen.xib */,
				A149892E1B56005F006226BC /* Supporting Files */,
			);
			path = touwho;
			sourceTree = "<group>";
		};
		A149892E1B56005F006226BC /* Supporting Files */ = {
			isa = PBXGroup;
			children = (
				A149892F1B56005F006226BC /* Info.plist */,
				A14989301B56005F006226BC /* main.m */,
			);
			name = "Supporting Files";
			sourceTree = "<group>";
		};
		A14989471B56005F006226BC /* touwhoTests */ = {
			isa = PBXGroup;
			children = (
				A149894A1B56005F006226BC /* touwhoTests.m */,
				A14989481B56005F006226BC /* Supporting Files */,
			);
			path = touwhoTests;
			sourceTree = "<group>";
		};
		A14989481B56005F006226BC /* Supporting Files */ = {
			isa = PBXGroup;
			children = (
				A14989491B56005F006226BC /* Info.plist */,
			);
			name = "Supporting Files";
			sourceTree = "<group>";
		};
/* End PBXGroup section */

/* Begin PBXNativeTarget section */
		A149892A1B56005F006226BC /* touwho */ = {
			isa = PBXNativeTarget;
			buildConfigurationList = A149894E1B56005F006226BC /* Build configuration list for PBXNativeTarget "touwho" */;
			buildPhases = (
				A14989271B56005F006226BC /* Sources */,
				A14989281B56005F006226BC /* Frameworks */,
				A14989291B56005F006226BC /* Resources */,
			);
			buildRules = (
			);
			dependencies = (
			);
			name = touwho;
			productName = touwho;
			productReference = A149892B1B56005F006226BC /* touwho.app */;
			productType = "com.apple.product-type.application";
		};
		A14989431B56005F006226BC /* touwhoTests */ = {
			isa = PBXNativeTarget;
			buildConfigurationList = A14989511B56005F006226BC /* Build configuration list for PBXNativeTarget "touwhoTests" */;
			buildPhases = (
				A14989401B56005F006226BC /* Sources */,
				A14989411B56005F006226BC /* Frameworks */,
				A14989421B56005F006226BC /* Resources */,
			);
			buildRules = (
			);
			dependencies = (
				A14989461B56005F006226BC /* PBXTargetDependency */,
			);
			name = touwhoTests;
			productName = touwhoTests;
			productReference = A14989441B56005F006226BC /* touwhoTests.xctest */;
			productType = "com.apple.product-type.bundle.unit-test";
		};
/* End PBXNativeTarget section */

/* Begin PBXProject section */
		A14989231B56005F006226BC /* Project object */ = {
			isa = PBXProject;
			attributes = {
				LastUpgradeCheck = 0640;
				ORGANIZATIONNAME = touwho;
				TargetAttributes = {
					A149892A1B56005F006226BC = {
						CreatedOnToolsVersion = 6.4;
					};
					A14989431B56005F006226BC = {
						CreatedOnToolsVersion = 6.4;
						TestTargetID = A149892A1B56005F006226BC;
					};
				};
			};
			buildConfigurationList = A14989261B56005F006226BC /* Build configuration list for PBXProject "touwho" */;
			compatibilityVersion = "Xcode 3.2";
			developmentRegion = English;
			hasScannedForEncodings = 0;
			knownRegions = (
				en,
				Base,
			);
			mainGroup = A14989221B56005F006226BC;
			productRefGroup = A149892C1B56005F006226BC /* Products */;
			projectDirPath = "";
			projectRoot = "";
			targets = (
				A149892A1B56005F006226BC /* touwho */,
				A14989431B56005F006226BC /* touwhoTests */,
			);
		};
/* End PBXProject section */

/* Begin PBXResourcesBuildPhase section */
		A14989291B56005F006226BC /* Resources */ = {
			isa = PBXResourcesBuildPhase;
			buildActionMask = 2147483647;
			files = (
				A149893A1B56005F006226BC /* Main.storyboard in Resources */,
				A149893F1B56005F006226BC /* LaunchScreen.xib in Resources */,
				A149893C1B56005F006226BC /* Images.xcassets in Resources */,
			);
			runOnlyForDeploymentPostprocessing = 0;
		};
		A14989421B56005F006226BC /* Resources */ = {
			isa = PBXResourcesBuildPhase;
			buildActionMask = 2147483647;
			files = (
			);
			runOnlyForDeploymentPostprocessing = 0;
		};
/* End PBXResourcesBuildPhase section */

/* Begin PBXSourcesBuildPhase section */
		A14989271B56005F006226BC /* Sources */ = {
			isa = PBXSourcesBuildPhase;
			buildActionMask = 2147483647;
			files = (
				A14989371B56005F006226BC /* ViewController.m in Sources */,
				A14989341B56005F006226BC /* AppDelegate.m in Sources */,
				A14989311B56005F006226BC /* main.m in Sources */,
			);
			runOnlyForDeploymentPostprocessing = 0;
		};
		A14989401B56005F006226BC /* Sources */ = {
			isa = PBXSourcesBuildPhase;
			buildActionMask = 2147483647;
			files = (
				A149894B1B56005F006226BC /* touwhoTests.m in Sources */,
			);
			runOnlyForDeploymentPostprocessing = 0;
		};
/* End PBXSourcesBuildPhase section */

/* Begin PBXTargetDependency section */
		A14989461B56005F006226BC /* PBXTargetDependency */ = {
			isa = PBXTargetDependency;
			target = A149892A1B56005F006226BC /* touwho */;
			targetProxy = A14989451B56005F006226BC /* PBXContainerItemProxy */;
		};
/* End PBXTargetDependency section */

/* Begin PBXVariantGroup section */
		A14989381B56005F006226BC /* Main.storyboard */ = {
			isa = PBXVariantGroup;
			children = (
				A14989391B56005F006226BC /* Base */,
			);
			name = Main.storyboard;
			sourceTree = "<group>";
		};
		A149893D1B56005F006226BC /* LaunchScreen.xib */ = {
			isa = PBXVariantGroup;
			children = (
				A149893E1B56005F006226BC /* Base */,
			);
			name = LaunchScreen.xib;
			sourceTree = "<group>";
		};
/* End PBXVariantGroup section */

/* Begin XCBuildConfiguration section */
		A149894C1B56005F006226BC /* Debug */ = {
			isa = XCBuildConfiguration;
			buildSettings = {
				ALWAYS_SEARCH_USER_PATHS = NO;
				CLANG_CXX_LANGUAGE_STANDARD = "gnu++0x";
				CLANG_CXX_LIBRARY = "libc++";
				CLANG_ENABLE_MODULES = YES;
				CLANG_ENABLE_OBJC_ARC = YES;
				CLANG_WARN_BOOL_CONVERSION = YES;
				CLANG_WARN_CONSTANT_CONVERSION = YES;
				CLANG_WARN_DIRECT_OBJC_ISA_USAGE = YES_ERROR;
				CLANG_WARN_EMPTY_BODY = YES;
				CLANG_WARN_ENUM_CONVERSION = YES;
				CLANG_WARN_INT_CONVERSION = YES;
				CLANG_WARN_OBJC_ROOT_CLASS = YES_ERROR;
				CLANG_WARN_UNREACHABLE_CODE = YES;
				CLANG_WARN__DUPLICATE_METHOD_MATCH = YES;
				"CODE_SIGN_IDENTITY[sdk=iphoneos*]" = "iPhone Developer";
				COPY_PHASE_STRIP = NO;
				DEBUG_INFORMATION_FORMAT = "dwarf-with-dsym";
				ENABLE_STRICT_OBJC_MSGSEND = YES;
				GCC_C_LANGUAGE_STANDARD = gnu99;
				GCC_DYNAMIC_NO_PIC = NO;
				GCC_NO_COMMON_BLOCKS = YES;
				GCC_OPTIMIZATION_LEVEL = 0;
				GCC_PREPROCESSOR_DEFINITIONS = (
					"DEBUG=1",
					"$(inherited)",
				);
				GCC_SYMBOLS_PRIVATE_EXTERN = NO;
				GCC_WARN_64_TO_32_BIT_CONVERSION = YES;
				GCC_WARN_ABOUT_RETURN_TYPE = YES_ERROR;
				GCC_WARN_UNDECLARED_SELECTOR = YES;
				GCC_WARN_UNINITIALIZED_AUTOS = YES_AGGRESSIVE;
				GCC_WARN_UNUSED_FUNCTION = YES;
				GCC_WARN_UNUSED_VARIABLE = YES;
				IPHONEOS_DEPLOYMENT_TARGET = 8.4;
				MTL_ENABLE_DEBUG_INFO = YES;
				ONLY_ACTIVE_ARCH = YES;
				SDKROOT = iphoneos;
				TARGETED_DEVICE_FAMILY = "1,2";
			};
			name = Debug;
		};
		A149894D1B56005F006226BC /* Release */ = {
			isa = XCBuildConfiguration;
			buildSettings = {
				ALWAYS_SEARCH_USER_PATHS = NO;
				CLANG_CXX_LANGUAGE_STANDARD = "gnu++0x";
				CLANG_CXX_LIBRARY = "libc++";
				CLANG_ENABLE_MODULES = YES;
				CLANG_ENABLE_OBJC_ARC = YES;
				CLANG_WARN_BOOL_CONVERSION = YES;
				CLANG_WARN_CONSTANT_CONVERSION = YES;
				CLANG_WARN_DIRECT_OBJC_ISA_USAGE = YES_ERROR;
				CLANG_WARN_EMPTY_BODY = YES;
				CLANG_WARN_ENUM_CONVERSION = YES;
				CLANG_WARN_INT_CONVERSION = YES;
				CLANG_WARN_OBJC_ROOT_CLASS = YES_ERROR;
				CLANG_WARN_UNREACHABLE_CODE = YES;
				CLANG_WARN__DUPLICATE_METHOD_MATCH = YES;
				"CODE_SIGN_IDENTITY[sdk=iphoneos*]" = "iPhone Developer";
				COPY_PHASE_STRIP = NO;
				DEBUG_INFORMATION_FORMAT = "dwarf-with-dsym";
				ENABLE_NS_ASSERTIONS = NO;
				ENABLE_STRICT_OBJC_MSGSEND = YES;
				GCC_C_LANGUAGE_STANDARD = gnu99;
				GCC_NO_COMMON_BLOCKS = YES;
				GCC_WARN_64_TO_32_BIT_CONVERSION = YES;
				GCC_WARN_ABOUT_RETURN_TYPE = YES_ERROR;
				GCC_WARN_UNDECLARED_SELECTOR = YES;
				GCC_WARN_UNINITIALIZED_AUTOS = YES_AGGRESSIVE;
				GCC_WARN_UNUSED_FUNCTION = YES;
				GCC_WARN_UNUSED_VARIABLE = YES;
				IPHONEOS_DEPLOYMENT_TARGET = 8.4;
				MTL_ENABLE_DEBUG_INFO = NO;
				SDKROOT = iphoneos;
				TARGETED_DEVICE_FAMILY = "1,2";
				VALIDATE_PRODUCT = YES;
			};
			name = Release;
		};
		A149894F1B56005F006226BC /* Debug */ = {
			isa = XCBuildConfiguration;
			buildSettings = {
				ASSETCATALOG_COMPILER_APPICON_NAME = AppIcon;
				INFOPLIST_FILE = touwho/Info.plist;
				LD_RUNPATH_SEARCH_PATHS = "$(inherited) @executable_path/Frameworks";
				PRODUCT_NAME = "$(TARGET_NAME)";
			};
			name = Debug;
		};
		A14989501B56005F006226BC /* Release */ = {
			isa = XCBuildConfiguration;
			buildSettings = {
				ASSETCATALOG_COMPILER_APPICON_NAME = AppIcon;
				INFOPLIST_FILE = touwho/Info.plist;
				LD_RUNPATH_SEARCH_PATHS = "$(inherited) @executable_path/Frameworks";
				PRODUCT_NAME = "$(TARGET_NAME)";
			};
			name = Release;
		};
		A14989521B56005F006226BC /* Debug */ = {
			isa = XCBuildConfiguration;
			buildSettings = {
				BUNDLE_LOADER = "$(TEST_HOST)";
				FRAMEWORK_SEARCH_PATHS = (
					"$(SDKROOT)/Developer/Library/Frameworks",
					"$(inherited)",
				);
				GCC_PREPROCESSOR_DEFINITIONS = (
					"DEBUG=1",
					"$(inherited)",
				);
				INFOPLIST_FILE = touwhoTests/Info.plist;
				LD_RUNPATH_SEARCH_PATHS = "$(inherited) @executable_path/Frameworks @loader_path/Frameworks";
				PRODUCT_NAME = "$(TARGET_NAME)";
				TEST_HOST = "$(BUILT_PRODUCTS_DIR)/touwho.app/touwho";
			};
			name = Debug;
		};
		A14989531B56005F006226BC /* Release */ = {
			isa = XCBuildConfiguration;
			buildSettings = {
				BUNDLE_LOADER = "$(TEST_HOST)";
				FRAMEWORK_SEARCH_PATHS = (
					"$(SDKROOT)/Developer/Library/Frameworks",
					"$(inherited)",
				);
				INFOPLIST_FILE = touwhoTests/Info.plist;
				LD_RUNPATH_SEARCH_PATHS = "$(inherited) @executable_path/Frameworks @loader_path/Frameworks";
				PRODUCT_NAME = "$(TARGET_NAME)";
				TEST_HOST = "$(BUILT_PRODUCTS_DIR)/touwho.app/touwho";
			};
			name = Release;
		};
/* End XCBuildConfiguration section */

/* Begin XCConfigurationList section */
		A14989261B56005F006226BC /* Build configuration list for PBXProject "touwho" */ = {
			isa = XCConfigurationList;
			buildConfigurations = (
				A149894C1B56005F006226BC /* Debug */,
				A149894D1B56005F006226BC /* Release */,
			);
			defaultConfigurationIsVisible = 0;
			defaultConfigurationName = Release;
		};
		A149894E1B56005F006226BC /* Build configuration list for PBXNativeTarget "touwho" */ = {
			isa = XCConfigurationList;
			buildConfigurations = (
				A149894F1B56005F006226BC /* Debug */,
				A14989501B56005F006226BC /* Release */,
			);
			defaultConfigurationIsVisible = 0;
		};
		A14989511B56005F006226BC /* Build configuration list for PBXNativeTarget "touwhoTests" */ = {
			isa = XCConfigurationList;
			buildConfigurations = (
				A14989521B56005F006226BC /* Debug */,
				A14989531B56005F006226BC /* Release */,
			);
			defaultConfigurationIsVisible = 0;
		};
/* End XCConfigurationList section */
	};
	rootObject = A14989231B56005F006226BC /* Project object */;
}
